
Microsoft Visual Studio Solution File, Format Version 12.00
# Visual Studio Version 16
VisualStudioVersion = 16.0.29306.81
MinimumVisualStudioVersion = 10.0.40219.1
Project("{FAE04EC0-301F-11D3-BF4B-00C04F79EFBC}") = "Fileshare", "Fileshare\Fileshare.csproj", "{BE8B5367-A750-4E1B-9EEE-77C5B526C930}"
EndProject
Global
	GlobalSection(SolutionConfigurationPlatforms) = preSolution
		Debug|Any CPU = Debug|Any CPU
		Release|Any CPU = Release|Any CPU
	EndGlobalSection
	GlobalSection(ProjectConfigurationPlatforms) = postSolution
		{BE8B5367-A750-4E1B-9EEE-77C5B526C930}.Debug|Any CPU.ActiveCfg = Debug|Any CPU
		{BE8B5367-A750-4E1B-9EEE-77C5B526C930}.Debug|Any CPU.Build.0 = Debug|Any CPU
		{BE8B5367-A750-4E1B-9EEE-77C5B526C930}.Release|Any CPU.ActiveCfg = Release|Any CPU
		{BE8B5367-A750-4E1B-9EEE-77C5B526C930}.Release|Any CPU.Build.0 = Release|Any CPU
	EndGlobalSection
	GlobalSection(SolutionProperties) = preSolution
		HideSolutionNode = FALSE
	EndGlobalSection
	GlobalSection(ExtensibilityGlobals) = postSolution
		SolutionGuid = {A493CBCD-4525-4371-8FEC-A30BB8801C04}
	EndGlobalSection
EndGlobal
